
Microsoft Visual Studio Solution File, Format Version 12.00
# Visual Studio Version 16
VisualStudioVersion = 16.0.30907.101
MinimumVisualStudioVersion = 10.0.40219.1
Project("{FAE04EC0-301F-11D3-BF4B-00C04F79EFBC}") = "Gravatar", "Gravatar\Gravatar.csproj", "{8D8B5BD2-81F3-465B-BDFB-08F6BAECD481}"
EndProject
Project("{FAE04EC0-301F-11D3-BF4B-00C04F79EFBC}") = "Gravatar.Tests", "Gravatar.Tests\Gravatar.Tests.csproj", "{8D31CF65-4F88-4547-8684-5BC0A7EBF4B0}"
EndProject
Global
	GlobalSection(SolutionConfigurationPlatforms) = preSolution
		Debug|Any CPU = Debug|Any CPU
		Release|Any CPU = Release|Any CPU
	EndGlobalSection
	GlobalSection(ProjectConfigurationPlatforms) = postSolution
		{8D8B5BD2-81F3-465B-BDFB-08F6BAECD481}.Debug|Any CPU.ActiveCfg = Debug|Any CPU
		{8D8B5BD2-81F3-465B-BDFB-08F6BAECD481}.Debug|Any CPU.Build.0 = Debug|Any CPU
		{8D8B5BD2-81F3-465B-BDFB-08F6BAECD481}.Release|Any CPU.ActiveCfg = Release|Any CPU
		{8D8B5BD2-81F3-465B-BDFB-08F6BAECD481}.Release|Any CPU.Build.0 = Release|Any CPU
		{8D31CF65-4F88-4547-8684-5BC0A7EBF4B0}.Debug|Any CPU.ActiveCfg = Debug|Any CPU
		{8D31CF65-4F88-4547-8684-5BC0A7EBF4B0}.Debug|Any CPU.Build.0 = Debug|Any CPU
		{8D31CF65-4F88-4547-8684-5BC0A7EBF4B0}.Release|Any CPU.ActiveCfg = Release|Any CPU
		{8D31CF65-4F88-4547-8684-5BC0A7EBF4B0}.Release|Any CPU.Build.0 = Release|Any CPU
	EndGlobalSection
	GlobalSection(SolutionProperties) = preSolution
		HideSolutionNode = FALSE
	EndGlobalSection
	GlobalSection(ExtensibilityGlobals) = postSolution
		SolutionGuid = {30223011-D2DF-4D4C-91D8-6273E9F3F931}
	EndGlobalSection
EndGlobal
